
Microsoft Visual Studio Solution File, Format Version 12.00
# Visual Studio Version 16
VisualStudioVersion = 16.0.31321.278
MinimumVisualStudioVersion = 10.0.40219.1
Project("{FAE04EC0-301F-11D3-BF4B-00C04F79EFBC}") = "SingletonVsStatic", "SingletonVsStatic\SingletonVsStatic.csproj", "{4BAAF990-D531-4C5F-811A-19368D6D1817}"
EndProject
Global
	GlobalSection(SolutionConfigurationPlatforms) = preSolution
		Debug|Any CPU = Debug|Any CPU
		Release|Any CPU = Release|Any CPU
	EndGlobalSection
	GlobalSection(ProjectConfigurationPlatforms) = postSolution
		{4BAAF990-D531-4C5F-811A-19368D6D1817}.Debug|Any CPU.ActiveCfg = Debug|Any CPU
		{4BAAF990-D531-4C5F-811A-19368D6D1817}.Debug|Any CPU.Build.0 = Debug|Any CPU
		{4BAAF990-D531-4C5F-811A-19368D6D1817}.Release|Any CPU.ActiveCfg = Release|Any CPU
		{4BAAF990-D531-4C5F-811A-19368D6D1817}.Release|Any CPU.Build.0 = Release|Any CPU
	EndGlobalSection
	GlobalSection(SolutionProperties) = preSolution
		HideSolutionNode = FALSE
	EndGlobalSection
	GlobalSection(ExtensibilityGlobals) = postSolution
		SolutionGuid = {DD95D1B1-4121-4BA7-A4AA-005372EE9DCB}
	EndGlobalSection
EndGlobal
